
Microsoft Visual Studio Solution File, Format Version 12.00
# Visual Studio Version 17
VisualStudioVersion = 17.3.32922.545
MinimumVisualStudioVersion = 10.0.40219.1
Project("{FAE04EC0-301F-11D3-BF4B-00C04F79EFBC}") = "ClockWPF", "ClockWPF\ClockWPF.csproj", "{F466EE52-0359-4110-A46B-1FAED0C76CE6}"
EndProject
Global
	GlobalSection(SolutionConfigurationPlatforms) = preSolution
		Debug|Any CPU = Debug|Any CPU
		Release|Any CPU = Release|Any CPU
	EndGlobalSection
	GlobalSection(ProjectConfigurationPlatforms) = postSolution
		{F466EE52-0359-4110-A46B-1FAED0C76CE6}.Debug|Any CPU.ActiveCfg = Debug|Any CPU
		{F466EE52-0359-4110-A46B-1FAED0C76CE6}.Debug|Any CPU.Build.0 = Debug|Any CPU
		{F466EE52-0359-4110-A46B-1FAED0C76CE6}.Release|Any CPU.ActiveCfg = Release|Any CPU
		{F466EE52-0359-4110-A46B-1FAED0C76CE6}.Release|Any CPU.Build.0 = Release|Any CPU
	EndGlobalSection
	GlobalSection(SolutionProperties) = preSolution
		HideSolutionNode = FALSE
	EndGlobalSection
	GlobalSection(ExtensibilityGlobals) = postSolution
		SolutionGuid = {6128E7A5-D042-4C39-B2BC-FC3397888808}
	EndGlobalSection
EndGlobal
